
Microsoft Visual Studio Solution File, Format Version 12.00
# Visual Studio Version 17
VisualStudioVersion = 17.11.35303.130
MinimumVisualStudioVersion = 10.0.40219.1
Project("{FAE04EC0-301F-11D3-BF4B-00C04F79EFBC}") = "TuotekuvastoApp", "TuotekuvastoApp\TuotekuvastoApp.csproj", "{D86A7B24-422F-4F5F-B34D-4BE9877E99D2}"
EndProject
Global
	GlobalSection(SolutionConfigurationPlatforms) = preSolution
		Debug|Any CPU = Debug|Any CPU
		Release|Any CPU = Release|Any CPU
	EndGlobalSection
	GlobalSection(ProjectConfigurationPlatforms) = postSolution
		{D86A7B24-422F-4F5F-B34D-4BE9877E99D2}.Debug|Any CPU.ActiveCfg = Debug|Any CPU
		{D86A7B24-422F-4F5F-B34D-4BE9877E99D2}.Debug|Any CPU.Build.0 = Debug|Any CPU
		{D86A7B24-422F-4F5F-B34D-4BE9877E99D2}.Release|Any CPU.ActiveCfg = Release|Any CPU
		{D86A7B24-422F-4F5F-B34D-4BE9877E99D2}.Release|Any CPU.Build.0 = Release|Any CPU
	EndGlobalSection
	GlobalSection(SolutionProperties) = preSolution
		HideSolutionNode = FALSE
	EndGlobalSection
	GlobalSection(ExtensibilityGlobals) = postSolution
		SolutionGuid = {D7E38EEA-5772-4E08-A861-721914075372}
	EndGlobalSection
EndGlobal
